<?xml version="1.0" encoding="utf-8"?>
<Project ToolsVersion="4.0" xmlns="http://schemas.microsoft.com/developer/msbuild/2003">
  <ItemGroup>
    <ClCompile Include="src\cece_camera\cece_3d_projection.cpp" />
    <ClCompile Include="src\cece_camera\cece_camera.cpp" />
    <ClCompile Include="src\cece_math\cece_e_angle.cpp" />
    <ClCompile Include="src\cece_math\cece_matrix4.cpp" />
    <ClCompile Include="src\cece_math\cece_point.cpp" />
    <ClCompile Include="src\cece_math\cece_vector3.cpp" />
    <ClCompile Include="src\cece_math\cece_vector4.cpp" />
    <ClCompile Include="src\entity_class\entity.cpp" />
    <ClCompile Include="src\entity_class\player.cpp" />
    <ClCompile Include="src\opengl_classes\ebo_class.cpp" />
    <ClCompile Include="src\opengl_classes\mesh_class.cpp" />
    <ClCompile Include="src\opengl_classes\texture_class.cpp" />
    <ClCompile Include="src\opengl_classes\vao_class.cpp" />
    <ClCompile Include="src\opengl_classes\vbo_class.cpp" />
    <ClCompile Include="src\logger\logger.cpp" />
    <ClCompile Include="src\main.cpp" />
    <ClCompile Include="src\stb\stb_image.cpp" />
    <ClCompile Include="src\window_manager\window_callbacks.cpp" />
    <ClCompile Include="src\opengl_classes\shader_class.cpp" />
    <ClCompile Include="src\opengl_classes\shader_parser.cpp" />
    <ClCompile Include="src\window_manager\window_class.cpp" />
  </ItemGroup>
  <ItemGroup>
    <ClInclude Include="include\GLFW\glfw3.h" />
    <ClInclude Include="include\GLFW\glfw3native.h" />
    <ClInclude Include="include\GL\eglew.h" />
    <ClInclude Include="include\GL\glew.h" />
    <ClInclude Include="include\GL\glxew.h" />
    <ClInclude Include="include\GL\wglew.h" />
    <ClInclude Include="src\cece_camera\cece_3d_projection.h" />
    <ClInclude Include="src\cece_camera\cece_camera.h" />
    <ClInclude Include="src\cece_math\cece_e_angle.h" />
    <ClInclude Include="src\cece_math\cece_matrix4.h" />
    <ClInclude Include="src\cece_math\cece_point.h" />
    <ClInclude Include="src\cece_math\cece_vector3.h" />
    <ClInclude Include="src\cece_math\cece_vector4.h" />
    <ClInclude Include="src\entity_class\entity.h" />
    <ClInclude Include="src\entity_class\player.h" />
    <ClInclude Include="src\opengl_classes\ebo_class.h" />
    <ClInclude Include="src\opengl_classes\mesh_class.h" />
    <ClInclude Include="src\opengl_classes\texture_class.h" />
    <ClInclude Include="src\opengl_classes\vao_class.h" />
    <ClInclude Include="src\opengl_classes\vbo_class.h" />
    <ClInclude Include="src\logger\logger.h" />
    <ClInclude Include="src\render_models\player.h" />
    <ClInclude Include="src\opengl_classes\shader_class.h" />
    <ClInclude Include="src\opengl_classes\shader_parser.h" />
    <ClInclude Include="src\stb\stb_image.h" />
    <ClInclude Include="src\window_manager\event_class.h" />
    <ClInclude Include="src\window_manager\window_class.h" />
  </ItemGroup>
  <ItemGroup>
    <Image Include="res\textures\heatmap.png" />
    <Image Include="res\textures\parsing_test.bmp" />
    <Image Include="res\textures\parsing_test.png" />
  </ItemGroup>
  <ItemGroup>
    <None Include="res\shaders\donut.frag" />
    <None Include="res\shaders\donut.vert" />
    <None Include="res\shaders\flatland.frag" />
    <None Include="res\shaders\flatland.vert" />
    <None Include="res\shaders\player_shader.frag" />
    <None Include="res\shaders\player_shader.vert" />
    <None Include="res\shaders\terrain.frag" />
    <None Include="res\shaders\terrain.vert" />
    <None Include="res\shaders\blocky_balboa.frag" />
    <None Include="res\shaders\blocky_balboa.vert" />
  </ItemGroup>
</Project>